
Microsoft Visual Studio Solution File, Format Version 12.00
# Visual Studio Version 16
VisualStudioVersion = 16.0.29519.87
MinimumVisualStudioVersion = 10.0.40219.1
Project("{FAE04EC0-301F-11D3-BF4B-00C04F79EFBC}") = "POEMes", "POEMes\POEMes.csproj", "{2695A3A8-D08B-4470-8965-124BCBC4E3CF}"
EndProject
Global
	GlobalSection(SolutionConfigurationPlatforms) = preSolution
		Debug|Any CPU = Debug|Any CPU
		Release|Any CPU = Release|Any CPU
	EndGlobalSection
	GlobalSection(ProjectConfigurationPlatforms) = postSolution
		{2695A3A8-D08B-4470-8965-124BCBC4E3CF}.Debug|Any CPU.ActiveCfg = Debug|Any CPU
		{2695A3A8-D08B-4470-8965-124BCBC4E3CF}.Debug|Any CPU.Build.0 = Debug|Any CPU
		{2695A3A8-D08B-4470-8965-124BCBC4E3CF}.Release|Any CPU.ActiveCfg = Release|Any CPU
		{2695A3A8-D08B-4470-8965-124BCBC4E3CF}.Release|Any CPU.Build.0 = Release|Any CPU
	EndGlobalSection
	GlobalSection(SolutionProperties) = preSolution
		HideSolutionNode = FALSE
	EndGlobalSection
	GlobalSection(ExtensibilityGlobals) = postSolution
		SolutionGuid = {1063F139-5F5E-487B-833D-C58B59E765AC}
	EndGlobalSection
EndGlobal
